
Microsoft Visual Studio Solution File, Format Version 12.00
# Visual Studio Version 17
VisualStudioVersion = 17.4.33403.182
MinimumVisualStudioVersion = 10.0.40219.1
Project("{FAE04EC0-301F-11D3-BF4B-00C04F79EFBC}") = "SortingDoneRight", "SortingDoneRight\SortingDoneRight.csproj", "{4AB9AC65-A206-4346-9385-D61C7BFE401D}"
EndProject
Global
	GlobalSection(SolutionConfigurationPlatforms) = preSolution
		Debug|Any CPU = Debug|Any CPU
		Release|Any CPU = Release|Any CPU
	EndGlobalSection
	GlobalSection(ProjectConfigurationPlatforms) = postSolution
		{4AB9AC65-A206-4346-9385-D61C7BFE401D}.Debug|Any CPU.ActiveCfg = Debug|Any CPU
		{4AB9AC65-A206-4346-9385-D61C7BFE401D}.Debug|Any CPU.Build.0 = Debug|Any CPU
		{4AB9AC65-A206-4346-9385-D61C7BFE401D}.Release|Any CPU.ActiveCfg = Release|Any CPU
		{4AB9AC65-A206-4346-9385-D61C7BFE401D}.Release|Any CPU.Build.0 = Release|Any CPU
	EndGlobalSection
	GlobalSection(SolutionProperties) = preSolution
		HideSolutionNode = FALSE
	EndGlobalSection
	GlobalSection(ExtensibilityGlobals) = postSolution
		SolutionGuid = {CDE63E74-482E-4143-A3CB-C24C4B890E72}
	EndGlobalSection
EndGlobal
